// !$*UTF8*$!
{
	archiveVersion = 1;
	classes = {
	};
	objectVersion = 46;
	objects = {

/* Begin PBXBuildFile section */
		F3EDDC631F2C587E008D579C /* main.m in Sources */ = {isa = PBXBuildFile; fileRef = F3EDDC621F2C587E008D579C /* main.m */; };
		F3EDDC661F2C587E008D579C /* AppDelegate.m in Sources */ = {isa = PBXBuildFile; fileRef = F3EDDC651F2C587E008D579C /* AppDelegate.m */; };
		F3EDDC691F2C587E008D579C /* ViewController.m in Sources */ = {isa = PBXBuildFile; fileRef = F3EDDC681F2C587E008D579C /* ViewController.m */; };
		F3EDDC6C1F2C587E008D579C /* Main.storyboard in Resources */ = {isa = PBXBuildFile; fileRef = F3EDDC6A1F2C587E008D579C /* Main.storyboard */; };
		F3EDDC6E1F2C587E008D579C /* Assets.xcassets in Resources */ = {isa = PBXBuildFile; fileRef = F3EDDC6D1F2C587E008D579C /* Assets.xcassets */; };
		F3EDDC711F2C587E008D579C /* LaunchScreen.storyboard in Resources */ = {isa = PBXBuildFile; fileRef = F3EDDC6F1F2C587E008D579C /* LaunchScreen.storyboard */; };
/* End PBXBuildFile section */

/* Begin PBXFileReference section */
		F3EDDC5E1F2C587E008D579C /* test.app */ = {isa = PBXFileReference; explicitFileType = wrapper.application; includeInIndex = 0; path = test.app; sourceTree = BUILT_PRODUCTS_DIR; };
		F3EDDC621F2C587E008D579C /* main.m */ = {isa = PBXFileReference; lastKnownFileType = sourcecode.c.objc; path = main.m; sourceTree = "<group>"; };
		F3EDDC641F2C587E008D579C /* AppDelegate.h */ = {isa = PBXFileReference; lastKnownFileType = sourcecode.c.h; path = AppDelegate.h; sourceTree = "<group>"; };
		F3EDDC651F2C587E008D579C /* AppDelegate.m */ = {isa = PBXFileReference; lastKnownFileType = sourcecode.c.objc; path = AppDelegate.m; sourceTree = "<group>"; };
		F3EDDC671F2C587E008D579C /* ViewController.h */ = {isa = PBXFileReference; lastKnownFileType = sourcecode.c.h; path = ViewController.h; sourceTree = "<group>"; };
		F3EDDC681F2C587E008D579C /* ViewController.m */ = {isa = PBXFileReference; lastKnownFileType = sourcecode.c.objc; path = ViewController.m; sourceTree = "<group>"; };
		F3EDDC6B1F2C587E008D579C /* Base */ = {isa = PBXFileReference; lastKnownFileType = file.storyboard; name = Base; path = Base.lproj/Main.storyboard; sourceTree = "<group>"; };
		F3EDDC6D1F2C587E008D579C /* Assets.xcassets */ = {isa = PBXFileReference; lastKnownFileType = folder.assetcatalog; path = Assets.xcassets; sourceTree = "<group>"; };
		F3EDDC701F2C587E008D579C /* Base */ = {isa = PBXFileReference; lastKnownFileType = file.storyboard; name = Base; path = Base.lproj/LaunchScreen.storyboard; sourceTree = "<group>"; };
		F3EDDC721F2C587E008D579C /* Info.plist */ = {isa = PBXFileReference; lastKnownFileType = text.plist.xml; path = Info.plist; sourceTree = "<group>"; };
/* End PBXFileReference section */

/* Begin PBXFrameworksBuildPhase section */
		F3EDDC5B1F2C587E008D579C /* Frameworks */ = {
			isa = PBXFrameworksBuildPhase;
			buildActionMask = 2147483647;
			files = (
			);
			runOnlyForDeploymentPostprocessing = 0;
		};
/* End PBXFrameworksBuildPhase section */

/* Begin PBXGroup section */
		F3EDDC551F2C587E008D579C = {
			isa = PBXGroup;
			children = (
				F3EDDC601F2C587E008D579C /* test */,
				F3EDDC5F1F2C587E008D579C /* Products */,
			);
			sourceTree = "<group>";
		};
		F3EDDC5F1F2C587E008D579C /* Products */ = {
			isa = PBXGroup;
			children = (
				F3EDDC5E1F2C587E008D579C /* test.app */,
			);
			name = Products;
			sourceTree = "<group>";
		};
		F3EDDC601F2C587E008D579C /* test */ = {
			isa = PBXGroup;
			children = (
				F3EDDC641F2C587E008D579C /* AppDelegate.h */,
				F3EDDC651F2C587E008D579C /* AppDelegate.m */,
				F3EDDC671F2C587E008D579C /* ViewController.h */,
				F3EDDC681F2C587E008D579C /* ViewController.m */,
				F3EDDC6A1F2C587E008D579C /* Main.storyboard */,
				F3EDDC6D1F2C587E008D579C /* Assets.xcassets */,
				F3EDDC6F1F2C587E008D579C /* LaunchScreen.storyboard */,
				F3EDDC721F2C587E008D579C /* Info.plist */,
				F3EDDC611F2C587E008D579C /* Supporting Files */,
			);
			path = test;
			sourceTree = "<group>";
		};
		F3EDDC611F2C587E008D579C /* Supporting Files */ = {
			isa = PBXGroup;
			children = (
				F3EDDC621F2C587E008D579C /* main.m */,
			);
			name = "Supporting Files";
			sourceTree = "<group>";
		};
/* End PBXGroup section */

/* Begin PBXNativeTarget section */
		F3EDDC5D1F2C587E008D579C /* test */ = {
			isa = PBXNativeTarget;
			buildConfigurationList = F3EDDC751F2C587E008D579C /* Build configuration list for PBXNativeTarget "test" */;
			buildPhases = (
				F3EDDC5A1F2C587E008D579C /* Sources */,
				F3EDDC5B1F2C587E008D579C /* Frameworks */,
				F3EDDC5C1F2C587E008D579C /* Resources */,
			);
			buildRules = (
			);
			dependencies = (
			);
			name = test;
			productName = test;
			productReference = F3EDDC5E1F2C587E008D579C /* test.app */;
			productType = "com.apple.product-type.application";
		};
/* End PBXNativeTarget section */

/* Begin PBXProject section */
		F3EDDC561F2C587E008D579C /* Project object */ = {
			isa = PBXProject;
			attributes = {
				LastUpgradeCheck = 0830;
				ORGANIZATIONNAME = Admin;
				TargetAttributes = {
					F3EDDC5D1F2C587E008D579C = {
						CreatedOnToolsVersion = 8.3.1;
						DevelopmentTeam = 9HANAXMRQ4;
						ProvisioningStyle = Automatic;
					};
				};
			};
			buildConfigurationList = F3EDDC591F2C587E008D579C /* Build configuration list for PBXProject "test" */;
			compatibilityVersion = "Xcode 3.2";
			developmentRegion = English;
			hasScannedForEncodings = 0;
			knownRegions = (
				en,
				Base,
			);
			mainGroup = F3EDDC551F2C587E008D579C;
			productRefGroup = F3EDDC5F1F2C587E008D579C /* Products */;
			projectDirPath = "";
			projectRoot = "";
			targets = (
				F3EDDC5D1F2C587E008D579C /* test */,
			);
		};
/* End PBXProject section */

/* Begin PBXResourcesBuildPhase section */
		F3EDDC5C1F2C587E008D579C /* Resources */ = {
			isa = PBXResourcesBuildPhase;
			buildActionMask = 2147483647;
			files = (
				F3EDDC711F2C587E008D579C /* LaunchScreen.storyboard in Resources */,
				F3EDDC6E1F2C587E008D579C /* Assets.xcassets in Resources */,
				F3EDDC6C1F2C587E008D579C /* Main.storyboard in Resources */,
			);
			runOnlyForDeploymentPostprocessing = 0;
		};
/* End PBXResourcesBuildPhase section */

/* Begin PBXSourcesBuildPhase section */
		F3EDDC5A1F2C587E008D579C /* Sources */ = {
			isa = PBXSourcesBuildPhase;
			buildActionMask = 2147483647;
			files = (
				F3EDDC691F2C587E008D579C /* ViewController.m in Sources */,
				F3EDDC661F2C587E008D579C /* AppDelegate.m in Sources */,
				F3EDDC631F2C587E008D579C /* main.m in Sources */,
			);
			runOnlyForDeploymentPostprocessing = 0;
		};
/* End PBXSourcesBuildPhase section */

/* Begin PBXVariantGroup section */
		F3EDDC6A1F2C587E008D579C /* Main.storyboard */ = {
			isa = PBXVariantGroup;
			children = (
				F3EDDC6B1F2C587E008D579C /* Base */,
			);
			name = Main.storyboard;
			sourceTree = "<group>";
		};
		F3EDDC6F1F2C587E008D579C /* LaunchScreen.storyboard */ = {
			isa = PBXVariantGroup;
			children = (
				F3EDDC701F2C587E008D579C /* Base */,
			);
			name = LaunchScreen.storyboard;
			sourceTree = "<group>";
		};
/* End PBXVariantGroup section */

/* Begin XCBuildConfiguration section */
		F3EDDC731F2C587E008D579C /* Debug */ = {
			isa = XCBuildConfiguration;
			buildSettings = {
				ALWAYS_SEARCH_USER_PATHS = NO;
				CLANG_ANALYZER_NONNULL = YES;
				CLANG_ANALYZER_NUMBER_OBJECT_CONVERSION = YES_AGGRESSIVE;
				CLANG_CXX_LANGUAGE_STANDARD = "gnu++0x";
				CLANG_CXX_LIBRARY = "libc++";
				CLANG_ENABLE_MODULES = YES;
				CLANG_ENABLE_OBJC_ARC = YES;
				CLANG_WARN_BOOL_CONVERSION = YES;
				CLANG_WARN_CONSTANT_CONVERSION = YES;
				CLANG_WARN_DIRECT_OBJC_ISA_USAGE = YES_ERROR;
				CLANG_WARN_DOCUMENTATION_COMMENTS = YES;
				CLANG_WARN_EMPTY_BODY = YES;
				CLANG_WARN_ENUM_CONVERSION = YES;
				CLANG_WARN_INFINITE_RECURSION = YES;
				CLANG_WARN_INT_CONVERSION = YES;
				CLANG_WARN_OBJC_ROOT_CLASS = YES_ERROR;
				CLANG_WARN_SUSPICIOUS_MOVE = YES;
				CLANG_WARN_UNREACHABLE_CODE = YES;
				CLANG_WARN__DUPLICATE_METHOD_MATCH = YES;
				"CODE_SIGN_IDENTITY[sdk=iphoneos*]" = "iPhone Developer";
				COPY_PHASE_STRIP = NO;
				DEBUG_INFORMATION_FORMAT = dwarf;
				ENABLE_STRICT_OBJC_MSGSEND = YES;
				ENABLE_TESTABILITY = YES;
				GCC_C_LANGUAGE_STANDARD = gnu99;
				GCC_DYNAMIC_NO_PIC = NO;
				GCC_NO_COMMON_BLOCKS = YES;
				GCC_OPTIMIZATION_LEVEL = 0;
				GCC_PREPROCESSOR_DEFINITIONS = (
					"DEBUG=1",
					"$(inherited)",
				);
				GCC_WARN_64_TO_32_BIT_CONVERSION = YES;
				GCC_WARN_ABOUT_RETURN_TYPE = YES_ERROR;
				GCC_WARN_UNDECLARED_SELECTOR = YES;
				GCC_WARN_UNINITIALIZED_AUTOS = YES_AGGRESSIVE;
				GCC_WARN_UNUSED_FUNCTION = YES;
				GCC_WARN_UNUSED_VARIABLE = YES;
				IPHONEOS_DEPLOYMENT_TARGET = 10.3;
				MTL_ENABLE_DEBUG_INFO = YES;
				ONLY_ACTIVE_ARCH = YES;
				SDKROOT = iphoneos;
			};
			name = Debug;
		};
		F3EDDC741F2C587E008D579C /* Release */ = {
			isa = XCBuildConfiguration;
			buildSettings = {
				ALWAYS_SEARCH_USER_PATHS = NO;
				CLANG_ANALYZER_NONNULL = YES;
				CLANG_ANALYZER_NUMBER_OBJECT_CONVERSION = YES_AGGRESSIVE;
				CLANG_CXX_LANGUAGE_STANDARD = "gnu++0x";
				CLANG_CXX_LIBRARY = "libc++";
				CLANG_ENABLE_MODULES = YES;
				CLANG_ENABLE_OBJC_ARC = YES;
				CLANG_WARN_BOOL_CONVERSION = YES;
				CLANG_WARN_CONSTANT_CONVERSION = YES;
				CLANG_WARN_DIRECT_OBJC_ISA_USAGE = YES_ERROR;
				CLANG_WARN_DOCUMENTATION_COMMENTS = YES;
				CLANG_WARN_EMPTY_BODY = YES;
				CLANG_WARN_ENUM_CONVERSION = YES;
				CLANG_WARN_INFINITE_RECURSION = YES;
				CLANG_WARN_INT_CONVERSION = YES;
				CLANG_WARN_OBJC_ROOT_CLASS = YES_ERROR;
				CLANG_WARN_SUSPICIOUS_MOVE = YES;
				CLANG_WARN_UNREACHABLE_CODE = YES;
				CLANG_WARN__DUPLICATE_METHOD_MATCH = YES;
				"CODE_SIGN_IDENTITY[sdk=iphoneos*]" = "iPhone Developer";
				COPY_PHASE_STRIP = NO;
				DEBUG_INFORMATION_FORMAT = "dwarf-with-dsym";
				ENABLE_NS_ASSERTIONS = NO;
				ENABLE_STRICT_OBJC_MSGSEND = YES;
				GCC_C_LANGUAGE_STANDARD = gnu99;
				GCC_NO_COMMON_BLOCKS = YES;
				GCC_WARN_64_TO_32_BIT_CONVERSION = YES;
				GCC_WARN_ABOUT_RETURN_TYPE = YES_ERROR;
				GCC_WARN_UNDECLARED_SELECTOR = YES;
				GCC_WARN_UNINITIALIZED_AUTOS = YES_AGGRESSIVE;
				GCC_WARN_UNUSED_FUNCTION = YES;
				GCC_WARN_UNUSED_VARIABLE = YES;
				IPHONEOS_DEPLOYMENT_TARGET = 10.3;
				MTL_ENABLE_DEBUG_INFO = NO;
				SDKROOT = iphoneos;
				VALIDATE_PRODUCT = YES;
			};
			name = Release;
		};
		F3EDDC761F2C587E008D579C /* Debug */ = {
			isa = XCBuildConfiguration;
			buildSettings = {
				ASSETCATALOG_COMPILER_APPICON_NAME = AppIcon;
				DEVELOPMENT_TEAM = 9HANAXMRQ4;
				INFOPLIST_FILE = test/Info.plist;
				LD_RUNPATH_SEARCH_PATHS = "$(inherited) @executable_path/Frameworks";
				PRODUCT_BUNDLE_IDENTIFIER = Cears.test;
				PRODUCT_NAME = "$(TARGET_NAME)";
			};
			name = Debug;
		};
		F3EDDC771F2C587E008D579C /* Release */ = {
			isa = XCBuildConfiguration;
			buildSettings = {
				ASSETCATALOG_COMPILER_APPICON_NAME = AppIcon;
				DEVELOPMENT_TEAM = 9HANAXMRQ4;
				INFOPLIST_FILE = test/Info.plist;
				LD_RUNPATH_SEARCH_PATHS = "$(inherited) @executable_path/Frameworks";
				PRODUCT_BUNDLE_IDENTIFIER = Cears.test;
				PRODUCT_NAME = "$(TARGET_NAME)";
			};
			name = Release;
		};
/* End XCBuildConfiguration section */

/* Begin XCConfigurationList section */
		F3EDDC591F2C587E008D579C /* Build configuration list for PBXProject "test" */ = {
			isa = XCConfigurationList;
			buildConfigurations = (
				F3EDDC731F2C587E008D579C /* Debug */,
				F3EDDC741F2C587E008D579C /* Release */,
			);
			defaultConfigurationIsVisible = 0;
			defaultConfigurationName = Release;
		};
		F3EDDC751F2C587E008D579C /* Build configuration list for PBXNativeTarget "test" */ = {
			isa = XCConfigurationList;
			buildConfigurations = (
				F3EDDC761F2C587E008D579C /* Debug */,
				F3EDDC771F2C587E008D579C /* Release */,
			);
			defaultConfigurationIsVisible = 0;
		};
/* End XCConfigurationList section */
	};
	rootObject = F3EDDC561F2C587E008D579C /* Project object */;
}
